
Microsoft Visual Studio Solution File, Format Version 12.00
# Visual Studio Version 16
VisualStudioVersion = 16.0.31613.86
MinimumVisualStudioVersion = 10.0.40219.1
Project("{FAE04EC0-301F-11D3-BF4B-00C04F79EFBC}") = "ApiCatalogoJogos1", "ApiCatalogoJogos1\ApiCatalogoJogos1.csproj", "{892A4153-6F38-4F86-878B-66F559635296}"
EndProject
Global
	GlobalSection(SolutionConfigurationPlatforms) = preSolution
		Debug|Any CPU = Debug|Any CPU
		Release|Any CPU = Release|Any CPU
	EndGlobalSection
	GlobalSection(ProjectConfigurationPlatforms) = postSolution
		{892A4153-6F38-4F86-878B-66F559635296}.Debug|Any CPU.ActiveCfg = Debug|Any CPU
		{892A4153-6F38-4F86-878B-66F559635296}.Debug|Any CPU.Build.0 = Debug|Any CPU
		{892A4153-6F38-4F86-878B-66F559635296}.Release|Any CPU.ActiveCfg = Release|Any CPU
		{892A4153-6F38-4F86-878B-66F559635296}.Release|Any CPU.Build.0 = Release|Any CPU
	EndGlobalSection
	GlobalSection(SolutionProperties) = preSolution
		HideSolutionNode = FALSE
	EndGlobalSection
	GlobalSection(ExtensibilityGlobals) = postSolution
		SolutionGuid = {2D67C8DE-A2F7-4379-B215-662EA800941D}
	EndGlobalSection
EndGlobal
